// !$*UTF8*$!
{
	archiveVersion = 1;
	classes = {
	};
	objectVersion = 77;
	objects = {

/* Begin PBXBuildFile section */
		BA8A05062D45609500B35D04 /* NostrSDK in Frameworks */ = {isa = PBXBuildFile; productRef = BA8A05052D45609500B35D04 /* NostrSDK */; };
		BA8A050C2D4560CA00B35D04 /* SwiftTrie in Frameworks */ = {isa = PBXBuildFile; productRef = BA8A050B2D4560CA00B35D04 /* SwiftTrie */; };
		BA8A050F2D45618000B35D04 /* Logboard in Frameworks */ = {isa = PBXBuildFile; productRef = BA8A050E2D45618000B35D04 /* Logboard */; };
		BAACC2692D4F2088006A7182 /* Launch Screen.storyboard in Resources */ = {isa = PBXBuildFile; fileRef = BAACC2682D4F2088006A7182 /* Launch Screen.storyboard */; };
		BABEA7CD2D4F164B0062668E /* Kingfisher in Frameworks */ = {isa = PBXBuildFile; productRef = BABEA7CC2D4F164B0062668E /* Kingfisher */; };
/* End PBXBuildFile section */

/* Begin PBXContainerItemProxy section */
		BA8A03672D455F8800B35D04 /* PBXContainerItemProxy */ = {
			isa = PBXContainerItemProxy;
			containerPortal = BA8A034C2D455F8400B35D04 /* Project object */;
			proxyType = 1;
			remoteGlobalIDString = BA8A03532D455F8400B35D04;
			remoteInfo = swae;
		};
		BA8A03712D455F8900B35D04 /* PBXContainerItemProxy */ = {
			isa = PBXContainerItemProxy;
			containerPortal = BA8A034C2D455F8400B35D04 /* Project object */;
			proxyType = 1;
			remoteGlobalIDString = BA8A03532D455F8400B35D04;
			remoteInfo = swae;
		};
/* End PBXContainerItemProxy section */

/* Begin PBXFileReference section */
		BA8A03542D455F8400B35D04 /* swae.app */ = {isa = PBXFileReference; explicitFileType = wrapper.application; includeInIndex = 0; path = swae.app; sourceTree = BUILT_PRODUCTS_DIR; };
		BA8A03662D455F8800B35D04 /* swaeTests.xctest */ = {isa = PBXFileReference; explicitFileType = wrapper.cfbundle; includeInIndex = 0; path = swaeTests.xctest; sourceTree = BUILT_PRODUCTS_DIR; };
		BA8A03702D455F8900B35D04 /* swaeUITests.xctest */ = {isa = PBXFileReference; explicitFileType = wrapper.cfbundle; includeInIndex = 0; path = swaeUITests.xctest; sourceTree = BUILT_PRODUCTS_DIR; };
		BAACC2682D4F2088006A7182 /* Launch Screen.storyboard */ = {isa = PBXFileReference; lastKnownFileType = file.storyboard; path = "Launch Screen.storyboard"; sourceTree = "<group>"; };
/* End PBXFileReference section */

/* Begin PBXFileSystemSynchronizedBuildFileExceptionSet section */
		BABED9782D4F058B0043ED34 /* Exceptions for "swae" folder in "swae" target */ = {
			isa = PBXFileSystemSynchronizedBuildFileExceptionSet;
			membershipExceptions = (
				Info.plist,
			);
			target = BA8A03532D455F8400B35D04 /* swae */;
		};
/* End PBXFileSystemSynchronizedBuildFileExceptionSet section */

/* Begin PBXFileSystemSynchronizedRootGroup section */
		BA8A03562D455F8400B35D04 /* swae */ = {
			isa = PBXFileSystemSynchronizedRootGroup;
			exceptions = (
				BABED9782D4F058B0043ED34 /* Exceptions for "swae" folder in "swae" target */,
			);
			path = swae;
			sourceTree = "<group>";
		};
		BA8A03692D455F8800B35D04 /* swaeTests */ = {
			isa = PBXFileSystemSynchronizedRootGroup;
			path = swaeTests;
			sourceTree = "<group>";
		};
		BA8A03732D455F8900B35D04 /* swaeUITests */ = {
			isa = PBXFileSystemSynchronizedRootGroup;
			path = swaeUITests;
			sourceTree = "<group>";
		};
/* End PBXFileSystemSynchronizedRootGroup section */

/* Begin PBXFrameworksBuildPhase section */
		BA8A03512D455F8400B35D04 /* Frameworks */ = {
			isa = PBXFrameworksBuildPhase;
			buildActionMask = 2147483647;
			files = (
				BABEA7CD2D4F164B0062668E /* Kingfisher in Frameworks */,
				BA8A05062D45609500B35D04 /* NostrSDK in Frameworks */,
				BA8A050F2D45618000B35D04 /* Logboard in Frameworks */,
				BA8A050C2D4560CA00B35D04 /* SwiftTrie in Frameworks */,
			);
			runOnlyForDeploymentPostprocessing = 0;
		};
		BA8A03632D455F8800B35D04 /* Frameworks */ = {
			isa = PBXFrameworksBuildPhase;
			buildActionMask = 2147483647;
			files = (
			);
			runOnlyForDeploymentPostprocessing = 0;
		};
		BA8A036D2D455F8900B35D04 /* Frameworks */ = {
			isa = PBXFrameworksBuildPhase;
			buildActionMask = 2147483647;
			files = (
			);
			runOnlyForDeploymentPostprocessing = 0;
		};
/* End PBXFrameworksBuildPhase section */

/* Begin PBXGroup section */
		BA8A034B2D455F8400B35D04 = {
			isa = PBXGroup;
			children = (
				BAACC2682D4F2088006A7182 /* Launch Screen.storyboard */,
				BA8A03562D455F8400B35D04 /* swae */,
				BA8A03692D455F8800B35D04 /* swaeTests */,
				BA8A03732D455F8900B35D04 /* swaeUITests */,
				BA8A03552D455F8400B35D04 /* Products */,
			);
			sourceTree = "<group>";
		};
		BA8A03552D455F8400B35D04 /* Products */ = {
			isa = PBXGroup;
			children = (
				BA8A03542D455F8400B35D04 /* swae.app */,
				BA8A03662D455F8800B35D04 /* swaeTests.xctest */,
				BA8A03702D455F8900B35D04 /* swaeUITests.xctest */,
			);
			name = Products;
			sourceTree = "<group>";
		};
/* End PBXGroup section */

/* Begin PBXNativeTarget section */
		BA8A03532D455F8400B35D04 /* swae */ = {
			isa = PBXNativeTarget;
			buildConfigurationList = BA8A037A2D455F8900B35D04 /* Build configuration list for PBXNativeTarget "swae" */;
			buildPhases = (
				BA8A03502D455F8400B35D04 /* Sources */,
				BA8A03512D455F8400B35D04 /* Frameworks */,
				BA8A03522D455F8400B35D04 /* Resources */,
			);
			buildRules = (
			);
			dependencies = (
			);
			fileSystemSynchronizedGroups = (
				BA8A03562D455F8400B35D04 /* swae */,
			);
			name = swae;
			packageProductDependencies = (
				BA8A05052D45609500B35D04 /* NostrSDK */,
				BA8A050B2D4560CA00B35D04 /* SwiftTrie */,
				BA8A050E2D45618000B35D04 /* Logboard */,
				BABEA7CC2D4F164B0062668E /* Kingfisher */,
			);
			productName = swae;
			productReference = BA8A03542D455F8400B35D04 /* swae.app */;
			productType = "com.apple.product-type.application";
		};
		BA8A03652D455F8800B35D04 /* swaeTests */ = {
			isa = PBXNativeTarget;
			buildConfigurationList = BA8A037D2D455F8900B35D04 /* Build configuration list for PBXNativeTarget "swaeTests" */;
			buildPhases = (
				BA8A03622D455F8800B35D04 /* Sources */,
				BA8A03632D455F8800B35D04 /* Frameworks */,
				BA8A03642D455F8800B35D04 /* Resources */,
			);
			buildRules = (
			);
			dependencies = (
				BA8A03682D455F8800B35D04 /* PBXTargetDependency */,
			);
			fileSystemSynchronizedGroups = (
				BA8A03692D455F8800B35D04 /* swaeTests */,
			);
			name = swaeTests;
			packageProductDependencies = (
			);
			productName = swaeTests;
			productReference = BA8A03662D455F8800B35D04 /* swaeTests.xctest */;
			productType = "com.apple.product-type.bundle.unit-test";
		};
		BA8A036F2D455F8900B35D04 /* swaeUITests */ = {
			isa = PBXNativeTarget;
			buildConfigurationList = BA8A03802D455F8900B35D04 /* Build configuration list for PBXNativeTarget "swaeUITests" */;
			buildPhases = (
				BA8A036C2D455F8900B35D04 /* Sources */,
				BA8A036D2D455F8900B35D04 /* Frameworks */,
				BA8A036E2D455F8900B35D04 /* Resources */,
			);
			buildRules = (
			);
			dependencies = (
				BA8A03722D455F8900B35D04 /* PBXTargetDependency */,
			);
			fileSystemSynchronizedGroups = (
				BA8A03732D455F8900B35D04 /* swaeUITests */,
			);
			name = swaeUITests;
			packageProductDependencies = (
			);
			productName = swaeUITests;
			productReference = BA8A03702D455F8900B35D04 /* swaeUITests.xctest */;
			productType = "com.apple.product-type.bundle.ui-testing";
		};
/* End PBXNativeTarget section */

/* Begin PBXProject section */
		BA8A034C2D455F8400B35D04 /* Project object */ = {
			isa = PBXProject;
			attributes = {
				BuildIndependentTargetsInParallel = 1;
				LastSwiftUpdateCheck = 1620;
				LastUpgradeCheck = 1620;
				TargetAttributes = {
					BA8A03532D455F8400B35D04 = {
						CreatedOnToolsVersion = 16.2;
					};
					BA8A03652D455F8800B35D04 = {
						CreatedOnToolsVersion = 16.2;
						TestTargetID = BA8A03532D455F8400B35D04;
					};
					BA8A036F2D455F8900B35D04 = {
						CreatedOnToolsVersion = 16.2;
						TestTargetID = BA8A03532D455F8400B35D04;
					};
				};
			};
			buildConfigurationList = BA8A034F2D455F8400B35D04 /* Build configuration list for PBXProject "swae" */;
			developmentRegion = en;
			hasScannedForEncodings = 0;
			knownRegions = (
				en,
				Base,
			);
			mainGroup = BA8A034B2D455F8400B35D04;
			minimizedProjectReferenceProxies = 1;
			packageReferences = (
				BA8A05042D45609500B35D04 /* XCLocalSwiftPackageReference "../nostr-sdk-ios" */,
				BA8A050A2D4560CA00B35D04 /* XCRemoteSwiftPackageReference "swift-trie" */,
				BA8A050D2D45618000B35D04 /* XCRemoteSwiftPackageReference "Logboard" */,
				BABEA7CB2D4F164B0062668E /* XCRemoteSwiftPackageReference "Kingfisher" */,
			);
			preferredProjectObjectVersion = 77;
			productRefGroup = BA8A03552D455F8400B35D04 /* Products */;
			projectDirPath = "";
			projectRoot = "";
			targets = (
				BA8A03532D455F8400B35D04 /* swae */,
				BA8A03652D455F8800B35D04 /* swaeTests */,
				BA8A036F2D455F8900B35D04 /* swaeUITests */,
			);
		};
/* End PBXProject section */

/* Begin PBXResourcesBuildPhase section */
		BA8A03522D455F8400B35D04 /* Resources */ = {
			isa = PBXResourcesBuildPhase;
			buildActionMask = 2147483647;
			files = (
				BAACC2692D4F2088006A7182 /* Launch Screen.storyboard in Resources */,
			);
			runOnlyForDeploymentPostprocessing = 0;
		};
		BA8A03642D455F8800B35D04 /* Resources */ = {
			isa = PBXResourcesBuildPhase;
			buildActionMask = 2147483647;
			files = (
			);
			runOnlyForDeploymentPostprocessing = 0;
		};
		BA8A036E2D455F8900B35D04 /* Resources */ = {
			isa = PBXResourcesBuildPhase;
			buildActionMask = 2147483647;
			files = (
			);
			runOnlyForDeploymentPostprocessing = 0;
		};
/* End PBXResourcesBuildPhase section */

/* Begin PBXSourcesBuildPhase section */
		BA8A03502D455F8400B35D04 /* Sources */ = {
			isa = PBXSourcesBuildPhase;
			buildActionMask = 2147483647;
			files = (
			);
			runOnlyForDeploymentPostprocessing = 0;
		};
		BA8A03622D455F8800B35D04 /* Sources */ = {
			isa = PBXSourcesBuildPhase;
			buildActionMask = 2147483647;
			files = (
			);
			runOnlyForDeploymentPostprocessing = 0;
		};
		BA8A036C2D455F8900B35D04 /* Sources */ = {
			isa = PBXSourcesBuildPhase;
			buildActionMask = 2147483647;
			files = (
			);
			runOnlyForDeploymentPostprocessing = 0;
		};
/* End PBXSourcesBuildPhase section */

/* Begin PBXTargetDependency section */
		BA8A03682D455F8800B35D04 /* PBXTargetDependency */ = {
			isa = PBXTargetDependency;
			target = BA8A03532D455F8400B35D04 /* swae */;
			targetProxy = BA8A03672D455F8800B35D04 /* PBXContainerItemProxy */;
		};
		BA8A03722D455F8900B35D04 /* PBXTargetDependency */ = {
			isa = PBXTargetDependency;
			target = BA8A03532D455F8400B35D04 /* swae */;
			targetProxy = BA8A03712D455F8900B35D04 /* PBXContainerItemProxy */;
		};
/* End PBXTargetDependency section */

/* Begin XCBuildConfiguration section */
		BA8A03782D455F8900B35D04 /* Debug */ = {
			isa = XCBuildConfiguration;
			buildSettings = {
				ALWAYS_SEARCH_USER_PATHS = NO;
				ASSETCATALOG_COMPILER_GENERATE_SWIFT_ASSET_SYMBOL_EXTENSIONS = YES;
				CLANG_ANALYZER_NONNULL = YES;
				CLANG_ANALYZER_NUMBER_OBJECT_CONVERSION = YES_AGGRESSIVE;
				CLANG_CXX_LANGUAGE_STANDARD = "gnu++20";
				CLANG_ENABLE_MODULES = YES;
				CLANG_ENABLE_OBJC_ARC = YES;
				CLANG_ENABLE_OBJC_WEAK = YES;
				CLANG_WARN_BLOCK_CAPTURE_AUTORELEASING = YES;
				CLANG_WARN_BOOL_CONVERSION = YES;
				CLANG_WARN_COMMA = YES;
				CLANG_WARN_CONSTANT_CONVERSION = YES;
				CLANG_WARN_DEPRECATED_OBJC_IMPLEMENTATIONS = YES;
				CLANG_WARN_DIRECT_OBJC_ISA_USAGE = YES_ERROR;
				CLANG_WARN_DOCUMENTATION_COMMENTS = YES;
				CLANG_WARN_EMPTY_BODY = YES;
				CLANG_WARN_ENUM_CONVERSION = YES;
				CLANG_WARN_INFINITE_RECURSION = YES;
				CLANG_WARN_INT_CONVERSION = YES;
				CLANG_WARN_NON_LITERAL_NULL_CONVERSION = YES;
				CLANG_WARN_OBJC_IMPLICIT_RETAIN_SELF = YES;
				CLANG_WARN_OBJC_LITERAL_CONVERSION = YES;
				CLANG_WARN_OBJC_ROOT_CLASS = YES_ERROR;
				CLANG_WARN_QUOTED_INCLUDE_IN_FRAMEWORK_HEADER = YES;
				CLANG_WARN_RANGE_LOOP_ANALYSIS = YES;
				CLANG_WARN_STRICT_PROTOTYPES = YES;
				CLANG_WARN_SUSPICIOUS_MOVE = YES;
				CLANG_WARN_UNGUARDED_AVAILABILITY = YES_AGGRESSIVE;
				CLANG_WARN_UNREACHABLE_CODE = YES;
				CLANG_WARN__DUPLICATE_METHOD_MATCH = YES;
				COPY_PHASE_STRIP = NO;
				DEBUG_INFORMATION_FORMAT = dwarf;
				ENABLE_STRICT_OBJC_MSGSEND = YES;
				ENABLE_TESTABILITY = YES;
				ENABLE_USER_SCRIPT_SANDBOXING = YES;
				GCC_C_LANGUAGE_STANDARD = gnu17;
				GCC_DYNAMIC_NO_PIC = NO;
				GCC_NO_COMMON_BLOCKS = YES;
				GCC_OPTIMIZATION_LEVEL = 0;
				GCC_PREPROCESSOR_DEFINITIONS = (
					"DEBUG=1",
					"$(inherited)",
				);
				GCC_WARN_64_TO_32_BIT_CONVERSION = YES;
				GCC_WARN_ABOUT_RETURN_TYPE = YES_ERROR;
				GCC_WARN_UNDECLARED_SELECTOR = YES;
				GCC_WARN_UNINITIALIZED_AUTOS = YES_AGGRESSIVE;
				GCC_WARN_UNUSED_FUNCTION = YES;
				GCC_WARN_UNUSED_VARIABLE = YES;
				IPHONEOS_DEPLOYMENT_TARGET = 18.2;
				LOCALIZATION_PREFERS_STRING_CATALOGS = YES;
				MTL_ENABLE_DEBUG_INFO = INCLUDE_SOURCE;
				MTL_FAST_MATH = YES;
				ONLY_ACTIVE_ARCH = YES;
				SDKROOT = iphoneos;
				SWIFT_ACTIVE_COMPILATION_CONDITIONS = "DEBUG $(inherited)";
				SWIFT_OPTIMIZATION_LEVEL = "-Onone";
			};
			name = Debug;
		};
		BA8A03792D455F8900B35D04 /* Release */ = {
			isa = XCBuildConfiguration;
			buildSettings = {
				ALWAYS_SEARCH_USER_PATHS = NO;
				ASSETCATALOG_COMPILER_GENERATE_SWIFT_ASSET_SYMBOL_EXTENSIONS = YES;
				CLANG_ANALYZER_NONNULL = YES;
				CLANG_ANALYZER_NUMBER_OBJECT_CONVERSION = YES_AGGRESSIVE;
				CLANG_CXX_LANGUAGE_STANDARD = "gnu++20";
				CLANG_ENABLE_MODULES = YES;
				CLANG_ENABLE_OBJC_ARC = YES;
				CLANG_ENABLE_OBJC_WEAK = YES;
				CLANG_WARN_BLOCK_CAPTURE_AUTORELEASING = YES;
				CLANG_WARN_BOOL_CONVERSION = YES;
				CLANG_WARN_COMMA = YES;
				CLANG_WARN_CONSTANT_CONVERSION = YES;
				CLANG_WARN_DEPRECATED_OBJC_IMPLEMENTATIONS = YES;
				CLANG_WARN_DIRECT_OBJC_ISA_USAGE = YES_ERROR;
				CLANG_WARN_DOCUMENTATION_COMMENTS = YES;
				CLANG_WARN_EMPTY_BODY = YES;
				CLANG_WARN_ENUM_CONVERSION = YES;
				CLANG_WARN_INFINITE_RECURSION = YES;
				CLANG_WARN_INT_CONVERSION = YES;
				CLANG_WARN_NON_LITERAL_NULL_CONVERSION = YES;
				CLANG_WARN_OBJC_IMPLICIT_RETAIN_SELF = YES;
				CLANG_WARN_OBJC_LITERAL_CONVERSION = YES;
				CLANG_WARN_OBJC_ROOT_CLASS = YES_ERROR;
				CLANG_WARN_QUOTED_INCLUDE_IN_FRAMEWORK_HEADER = YES;
				CLANG_WARN_RANGE_LOOP_ANALYSIS = YES;
				CLANG_WARN_STRICT_PROTOTYPES = YES;
				CLANG_WARN_SUSPICIOUS_MOVE = YES;
				CLANG_WARN_UNGUARDED_AVAILABILITY = YES_AGGRESSIVE;
				CLANG_WARN_UNREACHABLE_CODE = YES;
				CLANG_WARN__DUPLICATE_METHOD_MATCH = YES;
				COPY_PHASE_STRIP = NO;
				DEBUG_INFORMATION_FORMAT = "dwarf-with-dsym";
				ENABLE_NS_ASSERTIONS = NO;
				ENABLE_STRICT_OBJC_MSGSEND = YES;
				ENABLE_USER_SCRIPT_SANDBOXING = YES;
				GCC_C_LANGUAGE_STANDARD = gnu17;
				GCC_NO_COMMON_BLOCKS = YES;
				GCC_WARN_64_TO_32_BIT_CONVERSION = YES;
				GCC_WARN_ABOUT_RETURN_TYPE = YES_ERROR;
				GCC_WARN_UNDECLARED_SELECTOR = YES;
				GCC_WARN_UNINITIALIZED_AUTOS = YES_AGGRESSIVE;
				GCC_WARN_UNUSED_FUNCTION = YES;
				GCC_WARN_UNUSED_VARIABLE = YES;
				IPHONEOS_DEPLOYMENT_TARGET = 18.2;
				LOCALIZATION_PREFERS_STRING_CATALOGS = YES;
				MTL_ENABLE_DEBUG_INFO = NO;
				MTL_FAST_MATH = YES;
				SDKROOT = iphoneos;
				SWIFT_COMPILATION_MODE = wholemodule;
				VALIDATE_PRODUCT = YES;
			};
			name = Release;
		};
		BA8A037B2D455F8900B35D04 /* Debug */ = {
			isa = XCBuildConfiguration;
			buildSettings = {
				ASSETCATALOG_COMPILER_APPICON_NAME = AppIcon;
				ASSETCATALOG_COMPILER_GLOBAL_ACCENT_COLOR_NAME = AccentColor;
				ASSETCATALOG_COMPILER_INCLUDE_ALL_APPICON_ASSETS = NO;
				CODE_SIGN_STYLE = Automatic;
				CURRENT_PROJECT_VERSION = 1;
				DEVELOPMENT_ASSET_PATHS = "\"swae/Preview Content\"";
				DEVELOPMENT_TEAM = 57S869M9UN;
				ENABLE_PREVIEWS = YES;
				GENERATE_INFOPLIST_FILE = YES;
				INFOPLIST_FILE = swae/Info.plist;
				INFOPLIST_KEY_CFBundleDisplayName = Swae;
				INFOPLIST_KEY_LSApplicationCategoryType = "public.app-category.social-networking";
				INFOPLIST_KEY_NSCameraUsageDescription = "For live streaming";
				INFOPLIST_KEY_NSMicrophoneUsageDescription = "For live streaming";
				INFOPLIST_KEY_UIApplicationSceneManifest_Generation = YES;
				INFOPLIST_KEY_UIApplicationSupportsIndirectInputEvents = YES;
				INFOPLIST_KEY_UILaunchScreen_Generation = YES;
				INFOPLIST_KEY_UILaunchStoryboardName = "";
				INFOPLIST_KEY_UISupportedInterfaceOrientations_iPad = "UIInterfaceOrientationPortrait UIInterfaceOrientationPortraitUpsideDown UIInterfaceOrientationLandscapeLeft UIInterfaceOrientationLandscapeRight";
				INFOPLIST_KEY_UISupportedInterfaceOrientations_iPhone = "UIInterfaceOrientationPortrait UIInterfaceOrientationLandscapeLeft UIInterfaceOrientationLandscapeRight";
				IPHONEOS_DEPLOYMENT_TARGET = 17.0;
				LD_RUNPATH_SEARCH_PATHS = (
					"$(inherited)",
					"@executable_path/Frameworks",
				);
				MARKETING_VERSION = 1.0;
				PRODUCT_BUNDLE_IDENTIFIER = com.suhail.swae;
				PRODUCT_NAME = "$(TARGET_NAME)";
				REGISTER_APP_GROUPS = NO;
				SUPPORTED_PLATFORMS = "iphoneos iphonesimulator";
				SUPPORTS_MACCATALYST = NO;
				SUPPORTS_XR_DESIGNED_FOR_IPHONE_IPAD = NO;
				SWIFT_EMIT_LOC_STRINGS = YES;
				SWIFT_VERSION = 5.0;
				TARGETED_DEVICE_FAMILY = "1,2";
			};
			name = Debug;
		};
		BA8A037C2D455F8900B35D04 /* Release */ = {
			isa = XCBuildConfiguration;
			buildSettings = {
				ASSETCATALOG_COMPILER_APPICON_NAME = AppIcon;
				ASSETCATALOG_COMPILER_GLOBAL_ACCENT_COLOR_NAME = AccentColor;
				ASSETCATALOG_COMPILER_INCLUDE_ALL_APPICON_ASSETS = NO;
				CODE_SIGN_STYLE = Automatic;
				CURRENT_PROJECT_VERSION = 1;
				DEVELOPMENT_ASSET_PATHS = "\"swae/Preview Content\"";
				DEVELOPMENT_TEAM = 57S869M9UN;
				ENABLE_PREVIEWS = YES;
				GENERATE_INFOPLIST_FILE = YES;
				INFOPLIST_FILE = swae/Info.plist;
				INFOPLIST_KEY_CFBundleDisplayName = Swae;
				INFOPLIST_KEY_LSApplicationCategoryType = "public.app-category.social-networking";
				INFOPLIST_KEY_NSCameraUsageDescription = "For live streaming";
				INFOPLIST_KEY_NSMicrophoneUsageDescription = "For live streaming";
				INFOPLIST_KEY_UIApplicationSceneManifest_Generation = YES;
				INFOPLIST_KEY_UIApplicationSupportsIndirectInputEvents = YES;
				INFOPLIST_KEY_UILaunchScreen_Generation = YES;
				INFOPLIST_KEY_UILaunchStoryboardName = "";
				INFOPLIST_KEY_UISupportedInterfaceOrientations_iPad = "UIInterfaceOrientationPortrait UIInterfaceOrientationPortraitUpsideDown UIInterfaceOrientationLandscapeLeft UIInterfaceOrientationLandscapeRight";
				INFOPLIST_KEY_UISupportedInterfaceOrientations_iPhone = "UIInterfaceOrientationPortrait UIInterfaceOrientationLandscapeLeft UIInterfaceOrientationLandscapeRight";
				IPHONEOS_DEPLOYMENT_TARGET = 17.0;
				LD_RUNPATH_SEARCH_PATHS = (
					"$(inherited)",
					"@executable_path/Frameworks",
				);
				MARKETING_VERSION = 1.0;
				PRODUCT_BUNDLE_IDENTIFIER = com.suhail.swae;
				PRODUCT_NAME = "$(TARGET_NAME)";
				REGISTER_APP_GROUPS = NO;
				SUPPORTED_PLATFORMS = "iphoneos iphonesimulator";
				SUPPORTS_MACCATALYST = NO;
				SUPPORTS_XR_DESIGNED_FOR_IPHONE_IPAD = NO;
				SWIFT_EMIT_LOC_STRINGS = YES;
				SWIFT_VERSION = 5.0;
				TARGETED_DEVICE_FAMILY = "1,2";
			};
			name = Release;
		};
		BA8A037E2D455F8900B35D04 /* Debug */ = {
			isa = XCBuildConfiguration;
			buildSettings = {
				BUNDLE_LOADER = "$(TEST_HOST)";
				CODE_SIGN_STYLE = Automatic;
				CURRENT_PROJECT_VERSION = 1;
				DEVELOPMENT_TEAM = 57S869M9UN;
				GENERATE_INFOPLIST_FILE = YES;
				IPHONEOS_DEPLOYMENT_TARGET = 18.2;
				MARKETING_VERSION = 1.0;
				PRODUCT_BUNDLE_IDENTIFIER = com.suhail.scwirl.swaeTests;
				PRODUCT_NAME = "$(TARGET_NAME)";
				SWIFT_EMIT_LOC_STRINGS = NO;
				SWIFT_VERSION = 5.0;
				TARGETED_DEVICE_FAMILY = "1,2";
				TEST_HOST = "$(BUILT_PRODUCTS_DIR)/swae.app/$(BUNDLE_EXECUTABLE_FOLDER_PATH)/swae";
			};
			name = Debug;
		};
		BA8A037F2D455F8900B35D04 /* Release */ = {
			isa = XCBuildConfiguration;
			buildSettings = {
				BUNDLE_LOADER = "$(TEST_HOST)";
				CODE_SIGN_STYLE = Automatic;
				CURRENT_PROJECT_VERSION = 1;
				DEVELOPMENT_TEAM = 57S869M9UN;
				GENERATE_INFOPLIST_FILE = YES;
				IPHONEOS_DEPLOYMENT_TARGET = 18.2;
				MARKETING_VERSION = 1.0;
				PRODUCT_BUNDLE_IDENTIFIER = com.suhail.scwirl.swaeTests;
				PRODUCT_NAME = "$(TARGET_NAME)";
				SWIFT_EMIT_LOC_STRINGS = NO;
				SWIFT_VERSION = 5.0;
				TARGETED_DEVICE_FAMILY = "1,2";
				TEST_HOST = "$(BUILT_PRODUCTS_DIR)/swae.app/$(BUNDLE_EXECUTABLE_FOLDER_PATH)/swae";
			};
			name = Release;
		};
		BA8A03812D455F8900B35D04 /* Debug */ = {
			isa = XCBuildConfiguration;
			buildSettings = {
				CODE_SIGN_STYLE = Automatic;
				CURRENT_PROJECT_VERSION = 1;
				DEVELOPMENT_TEAM = 57S869M9UN;
				GENERATE_INFOPLIST_FILE = YES;
				MARKETING_VERSION = 1.0;
				PRODUCT_BUNDLE_IDENTIFIER = com.suhail.scwirl.swaeUITests;
				PRODUCT_NAME = "$(TARGET_NAME)";
				SWIFT_EMIT_LOC_STRINGS = NO;
				SWIFT_VERSION = 5.0;
				TARGETED_DEVICE_FAMILY = "1,2";
				TEST_TARGET_NAME = swae;
			};
			name = Debug;
		};
		BA8A03822D455F8900B35D04 /* Release */ = {
			isa = XCBuildConfiguration;
			buildSettings = {
				CODE_SIGN_STYLE = Automatic;
				CURRENT_PROJECT_VERSION = 1;
				DEVELOPMENT_TEAM = 57S869M9UN;
				GENERATE_INFOPLIST_FILE = YES;
				MARKETING_VERSION = 1.0;
				PRODUCT_BUNDLE_IDENTIFIER = com.suhail.scwirl.swaeUITests;
				PRODUCT_NAME = "$(TARGET_NAME)";
				SWIFT_EMIT_LOC_STRINGS = NO;
				SWIFT_VERSION = 5.0;
				TARGETED_DEVICE_FAMILY = "1,2";
				TEST_TARGET_NAME = swae;
			};
			name = Release;
		};
/* End XCBuildConfiguration section */

/* Begin XCConfigurationList section */
		BA8A034F2D455F8400B35D04 /* Build configuration list for PBXProject "swae" */ = {
			isa = XCConfigurationList;
			buildConfigurations = (
				BA8A03782D455F8900B35D04 /* Debug */,
				BA8A03792D455F8900B35D04 /* Release */,
			);
			defaultConfigurationIsVisible = 0;
			defaultConfigurationName = Release;
		};
		BA8A037A2D455F8900B35D04 /* Build configuration list for PBXNativeTarget "swae" */ = {
			isa = XCConfigurationList;
			buildConfigurations = (
				BA8A037B2D455F8900B35D04 /* Debug */,
				BA8A037C2D455F8900B35D04 /* Release */,
			);
			defaultConfigurationIsVisible = 0;
			defaultConfigurationName = Release;
		};
		BA8A037D2D455F8900B35D04 /* Build configuration list for PBXNativeTarget "swaeTests" */ = {
			isa = XCConfigurationList;
			buildConfigurations = (
				BA8A037E2D455F8900B35D04 /* Debug */,
				BA8A037F2D455F8900B35D04 /* Release */,
			);
			defaultConfigurationIsVisible = 0;
			defaultConfigurationName = Release;
		};
		BA8A03802D455F8900B35D04 /* Build configuration list for PBXNativeTarget "swaeUITests" */ = {
			isa = XCConfigurationList;
			buildConfigurations = (
				BA8A03812D455F8900B35D04 /* Debug */,
				BA8A03822D455F8900B35D04 /* Release */,
			);
			defaultConfigurationIsVisible = 0;
			defaultConfigurationName = Release;
		};
/* End XCConfigurationList section */

/* Begin XCLocalSwiftPackageReference section */
		BA8A05042D45609500B35D04 /* XCLocalSwiftPackageReference "../nostr-sdk-ios" */ = {
			isa = XCLocalSwiftPackageReference;
			relativePath = "../nostr-sdk-ios";
		};
/* End XCLocalSwiftPackageReference section */

/* Begin XCRemoteSwiftPackageReference section */
		BA8A050A2D4560CA00B35D04 /* XCRemoteSwiftPackageReference "swift-trie" */ = {
			isa = XCRemoteSwiftPackageReference;
			repositoryURL = "https://github.com/tyiu/swift-trie.git";
			requirement = {
				kind = upToNextMajorVersion;
				minimumVersion = 0.1.2;
			};
		};
		BA8A050D2D45618000B35D04 /* XCRemoteSwiftPackageReference "Logboard" */ = {
			isa = XCRemoteSwiftPackageReference;
			repositoryURL = "https://github.com/shogo4405/Logboard.git";
			requirement = {
				kind = upToNextMajorVersion;
				minimumVersion = 2.5.0;
			};
		};
		BABEA7CB2D4F164B0062668E /* XCRemoteSwiftPackageReference "Kingfisher" */ = {
			isa = XCRemoteSwiftPackageReference;
			repositoryURL = "https://github.com/onevcat/Kingfisher";
			requirement = {
				kind = upToNextMajorVersion;
				minimumVersion = 8.1.4;
			};
		};
/* End XCRemoteSwiftPackageReference section */

/* Begin XCSwiftPackageProductDependency section */
		BA8A05052D45609500B35D04 /* NostrSDK */ = {
			isa = XCSwiftPackageProductDependency;
			productName = NostrSDK;
		};
		BA8A050B2D4560CA00B35D04 /* SwiftTrie */ = {
			isa = XCSwiftPackageProductDependency;
			package = BA8A050A2D4560CA00B35D04 /* XCRemoteSwiftPackageReference "swift-trie" */;
			productName = SwiftTrie;
		};
		BA8A050E2D45618000B35D04 /* Logboard */ = {
			isa = XCSwiftPackageProductDependency;
			package = BA8A050D2D45618000B35D04 /* XCRemoteSwiftPackageReference "Logboard" */;
			productName = Logboard;
		};
		BABEA7CC2D4F164B0062668E /* Kingfisher */ = {
			isa = XCSwiftPackageProductDependency;
			package = BABEA7CB2D4F164B0062668E /* XCRemoteSwiftPackageReference "Kingfisher" */;
			productName = Kingfisher;
		};
/* End XCSwiftPackageProductDependency section */
	};
	rootObject = BA8A034C2D455F8400B35D04 /* Project object */;
}
